// !$*UTF8*$!
{
	archiveVersion = 1;
	classes = {
	};
	objectVersion = 56;
	objects = {

/* Begin PBXBuildFile section */
		B00000000000000000000001 /* MilePaceApp.swift in Sources */ = {isa = PBXBuildFile; fileRef = A00000000000000000000001 /* MilePaceApp.swift */; };
		B00000000000000000000002 /* ContentView.swift in Sources */ = {isa = PBXBuildFile; fileRef = A00000000000000000000002 /* ContentView.swift */; };
		B00000000000000000000003 /* Models.swift in Sources */ = {isa = PBXBuildFile; fileRef = A00000000000000000000003 /* Models.swift */; };
		B00000000000000000000004 /* RunAccumulator.swift in Sources */ = {isa = PBXBuildFile; fileRef = A00000000000000000000004 /* RunAccumulator.swift */; };
		B00000000000000000000005 /* RunStore.swift in Sources */ = {isa = PBXBuildFile; fileRef = A00000000000000000000005 /* RunStore.swift */; };
		B00000000000000000000006 /* RunTracker.swift in Sources */ = {isa = PBXBuildFile; fileRef = A00000000000000000000006 /* RunTracker.swift */; };
		B0000000000000000000000B /* PacePrediction.swift in Sources */ = {isa = PBXBuildFile; fileRef = A0000000000000000000000E /* PacePrediction.swift */; };
		B0000000000000000000000C /* GoalStore.swift in Sources */ = {isa = PBXBuildFile; fileRef = A0000000000000000000000F /* GoalStore.swift */; };
		B00000000000000000000007 /* Assets.xcassets in Resources */ = {isa = PBXBuildFile; fileRef = A00000000000000000000007 /* Assets.xcassets */; };
		B00000000000000000000008 /* PrivacyInfo.xcprivacy in Resources */ = {isa = PBXBuildFile; fileRef = A00000000000000000000009 /* PrivacyInfo.xcprivacy */; };
		B00000000000000000000009 /* RunAccumulatorTests.swift in Sources */ = {isa = PBXBuildFile; fileRef = A0000000000000000000000A /* RunAccumulatorTests.swift */; };
		B0000000000000000000000A /* XCTest.framework in Frameworks */ = {isa = PBXBuildFile; fileRef = A0000000000000000000000B /* XCTest.framework */; };
/* End PBXBuildFile section */

/* Begin PBXContainerItemProxy section */
		D00000000000000000000001 /* PBXContainerItemProxy */ = {
			isa = PBXContainerItemProxy;
			containerPortal = F00000000000000000000001 /* Project object */;
			proxyType = 1;
			remoteGlobalIDString = C00000000000000000000001;
			remoteInfo = MilePace;
		};
/* End PBXContainerItemProxy section */

/* Begin PBXFileReference section */
		A00000000000000000000001 /* MilePaceApp.swift */ = {isa = PBXFileReference; lastKnownFileType = sourcecode.swift; path = MilePaceApp.swift; sourceTree = "<group>"; };
		A00000000000000000000002 /* ContentView.swift */ = {isa = PBXFileReference; lastKnownFileType = sourcecode.swift; path = ContentView.swift; sourceTree = "<group>"; };
		A00000000000000000000003 /* Models.swift */ = {isa = PBXFileReference; lastKnownFileType = sourcecode.swift; path = Models.swift; sourceTree = "<group>"; };
		A00000000000000000000004 /* RunAccumulator.swift */ = {isa = PBXFileReference; lastKnownFileType = sourcecode.swift; path = RunAccumulator.swift; sourceTree = "<group>"; };
		A00000000000000000000005 /* RunStore.swift */ = {isa = PBXFileReference; lastKnownFileType = sourcecode.swift; path = RunStore.swift; sourceTree = "<group>"; };
		A00000000000000000000006 /* RunTracker.swift */ = {isa = PBXFileReference; lastKnownFileType = sourcecode.swift; path = RunTracker.swift; sourceTree = "<group>"; };
		A0000000000000000000000E /* PacePrediction.swift */ = {isa = PBXFileReference; lastKnownFileType = sourcecode.swift; path = PacePrediction.swift; sourceTree = "<group>"; };
		A0000000000000000000000F /* GoalStore.swift */ = {isa = PBXFileReference; lastKnownFileType = sourcecode.swift; path = GoalStore.swift; sourceTree = "<group>"; };
		A00000000000000000000007 /* Assets.xcassets */ = {isa = PBXFileReference; lastKnownFileType = folder.assetcatalog; path = Assets.xcassets; sourceTree = "<group>"; };
		A00000000000000000000008 /* Info.plist */ = {isa = PBXFileReference; lastKnownFileType = text.plist.xml; path = Info.plist; sourceTree = "<group>"; };
		A00000000000000000000009 /* PrivacyInfo.xcprivacy */ = {isa = PBXFileReference; lastKnownFileType = text.xml; path = PrivacyInfo.xcprivacy; sourceTree = "<group>"; };
		A0000000000000000000000A /* RunAccumulatorTests.swift */ = {isa = PBXFileReference; lastKnownFileType = sourcecode.swift; path = RunAccumulatorTests.swift; sourceTree = "<group>"; };
		A0000000000000000000000B /* XCTest.framework */ = {isa = PBXFileReference; lastKnownFileType = wrapper.framework; name = XCTest.framework; path = System/Library/Frameworks/XCTest.framework; sourceTree = SDKROOT; };
		A0000000000000000000000C /* MilePace.app */ = {isa = PBXFileReference; explicitFileType = wrapper.application; includeInIndex = 0; path = MilePace.app; sourceTree = BUILT_PRODUCTS_DIR; };
		A0000000000000000000000D /* MilePaceTests.xctest */ = {isa = PBXFileReference; explicitFileType = wrapper.cfbundle; includeInIndex = 0; path = MilePaceTests.xctest; sourceTree = BUILT_PRODUCTS_DIR; };
/* End PBXFileReference section */

/* Begin PBXFrameworksBuildPhase section */
		E00000000000000000000001 /* Frameworks */ = {
			isa = PBXFrameworksBuildPhase;
			buildActionMask = 2147483647;
			files = (
			);
			runOnlyForDeploymentPostprocessing = 0;
		};
		E00000000000000000000002 /* Frameworks */ = {
			isa = PBXFrameworksBuildPhase;
			buildActionMask = 2147483647;
			files = (
				B0000000000000000000000A /* XCTest.framework in Frameworks */,
			);
			runOnlyForDeploymentPostprocessing = 0;
		};
/* End PBXFrameworksBuildPhase section */

/* Begin PBXGroup section */
		F00000000000000000000002 = {
			isa = PBXGroup;
			children = (
				F00000000000000000000003 /* MilePace */,
				F00000000000000000000004 /* MilePaceTests */,
				F00000000000000000000005 /* Frameworks */,
				F00000000000000000000006 /* Products */,
			);
			sourceTree = "<group>";
		};
		F00000000000000000000003 /* MilePace */ = {
			isa = PBXGroup;
			children = (
				A00000000000000000000001 /* MilePaceApp.swift */,
				A00000000000000000000002 /* ContentView.swift */,
				A00000000000000000000003 /* Models.swift */,
				A00000000000000000000004 /* RunAccumulator.swift */,
				A00000000000000000000005 /* RunStore.swift */,
				A0000000000000000000000F /* GoalStore.swift */,
				A0000000000000000000000E /* PacePrediction.swift */,
				A00000000000000000000006 /* RunTracker.swift */,
				A00000000000000000000007 /* Assets.xcassets */,
				A00000000000000000000008 /* Info.plist */,
				A00000000000000000000009 /* PrivacyInfo.xcprivacy */,
			);
			path = MilePace;
			sourceTree = "<group>";
		};
		F00000000000000000000004 /* MilePaceTests */ = {
			isa = PBXGroup;
			children = (
				A0000000000000000000000A /* RunAccumulatorTests.swift */,
			);
			path = MilePaceTests;
			sourceTree = "<group>";
		};
		F00000000000000000000005 /* Frameworks */ = {
			isa = PBXGroup;
			children = (
				A0000000000000000000000B /* XCTest.framework */,
			);
			name = Frameworks;
			sourceTree = "<group>";
		};
		F00000000000000000000006 /* Products */ = {
			isa = PBXGroup;
			children = (
				A0000000000000000000000C /* MilePace.app */,
				A0000000000000000000000D /* MilePaceTests.xctest */,
			);
			name = Products;
			sourceTree = "<group>";
		};
/* End PBXGroup section */

/* Begin PBXNativeTarget section */
		C00000000000000000000001 /* MilePace */ = {
			isa = PBXNativeTarget;
			buildConfigurationList = C00000000000000000000011 /* Build configuration list for PBXNativeTarget "MilePace" */;
			buildPhases = (
				E00000000000000000000003 /* Sources */,
				E00000000000000000000001 /* Frameworks */,
				E00000000000000000000004 /* Resources */,
			);
			buildRules = (
			);
			dependencies = (
			);
			name = MilePace;
			productName = MilePace;
			productReference = A0000000000000000000000C /* MilePace.app */;
			productType = "com.apple.product-type.application";
		};
		C00000000000000000000002 /* MilePaceTests */ = {
			isa = PBXNativeTarget;
			buildConfigurationList = C00000000000000000000012 /* Build configuration list for PBXNativeTarget "MilePaceTests" */;
			buildPhases = (
				E00000000000000000000005 /* Sources */,
				E00000000000000000000002 /* Frameworks */,
				E00000000000000000000006 /* Resources */,
			);
			buildRules = (
			);
			dependencies = (
				D00000000000000000000002 /* PBXTargetDependency */,
			);
			name = MilePaceTests;
			productName = MilePaceTests;
			productReference = A0000000000000000000000D /* MilePaceTests.xctest */;
			productType = "com.apple.product-type.bundle.unit-test";
		};
/* End PBXNativeTarget section */

/* Begin PBXProject section */
		F00000000000000000000001 /* Project object */ = {
			isa = PBXProject;
			attributes = {
				BuildIndependentTargetsInParallel = 1;
				LastSwiftUpdateCheck = 1600;
				LastUpgradeCheck = 2660;
				TargetAttributes = {
					C00000000000000000000001 = {
						CreatedOnToolsVersion = 16.0;
					};
					C00000000000000000000002 = {
						CreatedOnToolsVersion = 16.0;
						TestTargetID = C00000000000000000000001;
					};
				};
			};
			buildConfigurationList = C00000000000000000000010 /* Build configuration list for PBXProject "MilePace" */;
			compatibilityVersion = "Xcode 14.0";
			developmentRegion = en;
			hasScannedForEncodings = 0;
			knownRegions = (
				en,
				Base,
			);
			mainGroup = F00000000000000000000002;
			productRefGroup = F00000000000000000000006 /* Products */;
			projectDirPath = "";
			projectRoot = "";
			targets = (
				C00000000000000000000001 /* MilePace */,
				C00000000000000000000002 /* MilePaceTests */,
			);
		};
/* End PBXProject section */

/* Begin PBXResourcesBuildPhase section */
		E00000000000000000000004 /* Resources */ = {
			isa = PBXResourcesBuildPhase;
			buildActionMask = 2147483647;
			files = (
				B00000000000000000000007 /* Assets.xcassets in Resources */,
				B00000000000000000000008 /* PrivacyInfo.xcprivacy in Resources */,
			);
			runOnlyForDeploymentPostprocessing = 0;
		};
		E00000000000000000000006 /* Resources */ = {
			isa = PBXResourcesBuildPhase;
			buildActionMask = 2147483647;
			files = (
			);
			runOnlyForDeploymentPostprocessing = 0;
		};
/* End PBXResourcesBuildPhase section */

/* Begin PBXSourcesBuildPhase section */
		E00000000000000000000003 /* Sources */ = {
			isa = PBXSourcesBuildPhase;
			buildActionMask = 2147483647;
			files = (
				B00000000000000000000001 /* MilePaceApp.swift in Sources */,
				B00000000000000000000002 /* ContentView.swift in Sources */,
				B00000000000000000000003 /* Models.swift in Sources */,
				B00000000000000000000004 /* RunAccumulator.swift in Sources */,
				B00000000000000000000005 /* RunStore.swift in Sources */,
				B0000000000000000000000C /* GoalStore.swift in Sources */,
				B0000000000000000000000B /* PacePrediction.swift in Sources */,
				B00000000000000000000006 /* RunTracker.swift in Sources */,
			);
			runOnlyForDeploymentPostprocessing = 0;
		};
		E00000000000000000000005 /* Sources */ = {
			isa = PBXSourcesBuildPhase;
			buildActionMask = 2147483647;
			files = (
				B00000000000000000000009 /* RunAccumulatorTests.swift in Sources */,
			);
			runOnlyForDeploymentPostprocessing = 0;
		};
/* End PBXSourcesBuildPhase section */

/* Begin PBXTargetDependency section */
		D00000000000000000000002 /* PBXTargetDependency */ = {
			isa = PBXTargetDependency;
			target = C00000000000000000000001 /* MilePace */;
			targetProxy = D00000000000000000000001 /* PBXContainerItemProxy */;
		};
/* End PBXTargetDependency section */

/* Begin XCBuildConfiguration section */
		C00000000000000000000020 /* Debug */ = {
			isa = XCBuildConfiguration;
			buildSettings = {
				ALWAYS_SEARCH_USER_PATHS = NO;
				CLANG_ENABLE_MODULES = YES;
				CLANG_ENABLE_OBJC_ARC = YES;
				CLANG_WARN_BLOCK_CAPTURE_AUTORELEASING = YES;
				CLANG_WARN_BOOL_CONVERSION = YES;
				CLANG_WARN_COMMA = YES;
				CLANG_WARN_CONSTANT_CONVERSION = YES;
				CLANG_WARN_DEPRECATED_OBJC_IMPLEMENTATIONS = YES;
				CLANG_WARN_DOCUMENTATION_COMMENTS = YES;
				CLANG_WARN_EMPTY_BODY = YES;
				CLANG_WARN_ENUM_CONVERSION = YES;
				CLANG_WARN_INFINITE_RECURSION = YES;
				CLANG_WARN_INT_CONVERSION = YES;
				CLANG_WARN_NON_LITERAL_NULL_CONVERSION = YES;
				CLANG_WARN_OBJC_IMPLICIT_RETAIN_SELF = YES;
				CLANG_WARN_OBJC_LITERAL_CONVERSION = YES;
				CLANG_WARN_QUOTED_INCLUDE_IN_FRAMEWORK_HEADER = YES;
				CLANG_WARN_RANGE_LOOP_ANALYSIS = YES;
				CLANG_WARN_STRICT_PROTOTYPES = YES;
				CLANG_WARN_SUSPICIOUS_MOVE = YES;
				CLANG_WARN_UNGUARDED_AVAILABILITY = YES_AGGRESSIVE;
				CLANG_WARN_UNREACHABLE_CODE = YES;
				CLANG_WARN__DUPLICATE_METHOD_MATCH = YES;
				COPY_PHASE_STRIP = NO;
				DEBUG_INFORMATION_FORMAT = dwarf;
				ENABLE_STRICT_OBJC_MSGSEND = YES;
				ENABLE_TESTABILITY = YES;
				ENABLE_USER_SCRIPT_SANDBOXING = YES;
				GCC_C_LANGUAGE_STANDARD = gnu17;
				GCC_NO_COMMON_BLOCKS = YES;
				GCC_OPTIMIZATION_LEVEL = 0;
				GCC_PREPROCESSOR_DEFINITIONS = (
					"DEBUG=1",
					"$(inherited)",
				);
				GCC_WARN_64_TO_32_BIT_CONVERSION = YES;
				GCC_WARN_ABOUT_RETURN_TYPE = YES_ERROR;
				GCC_WARN_UNDECLARED_SELECTOR = YES;
				GCC_WARN_UNINITIALIZED_AUTOS = YES_AGGRESSIVE;
				GCC_WARN_UNUSED_FUNCTION = YES;
				GCC_WARN_UNUSED_VARIABLE = YES;
				IPHONEOS_DEPLOYMENT_TARGET = 17.0;
				MTL_ENABLE_DEBUG_INFO = INCLUDE_SOURCE;
				MTL_FAST_MATH = YES;
				ONLY_ACTIVE_ARCH = YES;
				SDKROOT = iphoneos;
				STRING_CATALOG_GENERATE_SYMBOLS = YES;
				SWIFT_ACTIVE_COMPILATION_CONDITIONS = "DEBUG $(inherited)";
				SWIFT_OPTIMIZATION_LEVEL = "-Onone";
			};
			name = Debug;
		};
		C00000000000000000000021 /* Release */ = {
			isa = XCBuildConfiguration;
			buildSettings = {
				ALWAYS_SEARCH_USER_PATHS = NO;
				CLANG_ENABLE_MODULES = YES;
				CLANG_ENABLE_OBJC_ARC = YES;
				CLANG_WARN_BLOCK_CAPTURE_AUTORELEASING = YES;
				CLANG_WARN_BOOL_CONVERSION = YES;
				CLANG_WARN_COMMA = YES;
				CLANG_WARN_CONSTANT_CONVERSION = YES;
				CLANG_WARN_DEPRECATED_OBJC_IMPLEMENTATIONS = YES;
				CLANG_WARN_DOCUMENTATION_COMMENTS = YES;
				CLANG_WARN_EMPTY_BODY = YES;
				CLANG_WARN_ENUM_CONVERSION = YES;
				CLANG_WARN_INFINITE_RECURSION = YES;
				CLANG_WARN_INT_CONVERSION = YES;
				CLANG_WARN_NON_LITERAL_NULL_CONVERSION = YES;
				CLANG_WARN_OBJC_IMPLICIT_RETAIN_SELF = YES;
				CLANG_WARN_OBJC_LITERAL_CONVERSION = YES;
				CLANG_WARN_QUOTED_INCLUDE_IN_FRAMEWORK_HEADER = YES;
				CLANG_WARN_RANGE_LOOP_ANALYSIS = YES;
				CLANG_WARN_STRICT_PROTOTYPES = YES;
				CLANG_WARN_SUSPICIOUS_MOVE = YES;
				CLANG_WARN_UNGUARDED_AVAILABILITY = YES_AGGRESSIVE;
				CLANG_WARN_UNREACHABLE_CODE = YES;
				CLANG_WARN__DUPLICATE_METHOD_MATCH = YES;
				COPY_PHASE_STRIP = NO;
				DEBUG_INFORMATION_FORMAT = "dwarf-with-dsym";
				ENABLE_NS_ASSERTIONS = NO;
				ENABLE_STRICT_OBJC_MSGSEND = YES;
				ENABLE_USER_SCRIPT_SANDBOXING = YES;
				GCC_C_LANGUAGE_STANDARD = gnu17;
				GCC_NO_COMMON_BLOCKS = YES;
				GCC_WARN_64_TO_32_BIT_CONVERSION = YES;
				GCC_WARN_ABOUT_RETURN_TYPE = YES_ERROR;
				GCC_WARN_UNDECLARED_SELECTOR = YES;
				GCC_WARN_UNINITIALIZED_AUTOS = YES_AGGRESSIVE;
				GCC_WARN_UNUSED_FUNCTION = YES;
				GCC_WARN_UNUSED_VARIABLE = YES;
				IPHONEOS_DEPLOYMENT_TARGET = 17.0;
				MTL_ENABLE_DEBUG_INFO = NO;
				MTL_FAST_MATH = YES;
				SDKROOT = iphoneos;
				STRING_CATALOG_GENERATE_SYMBOLS = YES;
				SWIFT_COMPILATION_MODE = wholemodule;
			};
			name = Release;
		};
		C00000000000000000000022 /* Debug */ = {
			isa = XCBuildConfiguration;
			buildSettings = {
				ASSETCATALOG_COMPILER_APPICON_NAME = AppIcon;
				ASSETCATALOG_COMPILER_GLOBAL_ACCENT_COLOR_NAME = AccentColor;
				CODE_SIGN_STYLE = Automatic;
				CURRENT_PROJECT_VERSION = 1;
				DEVELOPMENT_ASSET_PATHS = "";
				DEVELOPMENT_TEAM = LLJC47G33R;
				ENABLE_PREVIEWS = YES;
				GENERATE_INFOPLIST_FILE = NO;
				INFOPLIST_FILE = MilePace/Info.plist;
				MARKETING_VERSION = 1.0;
				PRODUCT_BUNDLE_IDENTIFIER = com.misery.MilePace;
				PRODUCT_NAME = "$(TARGET_NAME)";
				SUPPORTED_PLATFORMS = "iphoneos iphonesimulator";
				SUPPORTS_MACCATALYST = NO;
				SWIFT_EMIT_LOC_STRINGS = YES;
				SWIFT_VERSION = 5.0;
				TARGETED_DEVICE_FAMILY = 1;
			};
			name = Debug;
		};
		C00000000000000000000023 /* Release */ = {
			isa = XCBuildConfiguration;
			buildSettings = {
				ASSETCATALOG_COMPILER_APPICON_NAME = AppIcon;
				ASSETCATALOG_COMPILER_GLOBAL_ACCENT_COLOR_NAME = AccentColor;
				CODE_SIGN_STYLE = Automatic;
				CURRENT_PROJECT_VERSION = 1;
				DEVELOPMENT_ASSET_PATHS = "";
				DEVELOPMENT_TEAM = LLJC47G33R;
				ENABLE_PREVIEWS = YES;
				GENERATE_INFOPLIST_FILE = NO;
				INFOPLIST_FILE = MilePace/Info.plist;
				MARKETING_VERSION = 1.0;
				PRODUCT_BUNDLE_IDENTIFIER = com.misery.MilePace;
				PRODUCT_NAME = "$(TARGET_NAME)";
				SUPPORTED_PLATFORMS = "iphoneos iphonesimulator";
				SUPPORTS_MACCATALYST = NO;
				SWIFT_EMIT_LOC_STRINGS = YES;
				SWIFT_VERSION = 5.0;
				TARGETED_DEVICE_FAMILY = 1;
			};
			name = Release;
		};
		C00000000000000000000024 /* Debug */ = {
			isa = XCBuildConfiguration;
			buildSettings = {
				BUNDLE_LOADER = "$(TEST_HOST)";
				CODE_SIGN_STYLE = Automatic;
				GENERATE_INFOPLIST_FILE = YES;
				IPHONEOS_DEPLOYMENT_TARGET = 17.0;
				PRODUCT_BUNDLE_IDENTIFIER = com.example.MilePaceTests;
				PRODUCT_NAME = "$(TARGET_NAME)";
				SUPPORTED_PLATFORMS = "iphoneos iphonesimulator";
				SWIFT_VERSION = 5.0;
				TARGETED_DEVICE_FAMILY = 1;
				TEST_HOST = "$(BUILT_PRODUCTS_DIR)/MilePace.app/$(BUNDLE_EXECUTABLE_FOLDER_PATH)/MilePace";
			};
			name = Debug;
		};
		C00000000000000000000025 /* Release */ = {
			isa = XCBuildConfiguration;
			buildSettings = {
				BUNDLE_LOADER = "$(TEST_HOST)";
				CODE_SIGN_STYLE = Automatic;
				GENERATE_INFOPLIST_FILE = YES;
				IPHONEOS_DEPLOYMENT_TARGET = 17.0;
				PRODUCT_BUNDLE_IDENTIFIER = com.example.MilePaceTests;
				PRODUCT_NAME = "$(TARGET_NAME)";
				SUPPORTED_PLATFORMS = "iphoneos iphonesimulator";
				SWIFT_VERSION = 5.0;
				TARGETED_DEVICE_FAMILY = 1;
				TEST_HOST = "$(BUILT_PRODUCTS_DIR)/MilePace.app/$(BUNDLE_EXECUTABLE_FOLDER_PATH)/MilePace";
			};
			name = Release;
		};
/* End XCBuildConfiguration section */

/* Begin XCConfigurationList section */
		C00000000000000000000010 /* Build configuration list for PBXProject "MilePace" */ = {
			isa = XCConfigurationList;
			buildConfigurations = (
				C00000000000000000000020 /* Debug */,
				C00000000000000000000021 /* Release */,
			);
			defaultConfigurationIsVisible = 0;
			defaultConfigurationName = Release;
		};
		C00000000000000000000011 /* Build configuration list for PBXNativeTarget "MilePace" */ = {
			isa = XCConfigurationList;
			buildConfigurations = (
				C00000000000000000000022 /* Debug */,
				C00000000000000000000023 /* Release */,
			);
			defaultConfigurationIsVisible = 0;
			defaultConfigurationName = Release;
		};
		C00000000000000000000012 /* Build configuration list for PBXNativeTarget "MilePaceTests" */ = {
			isa = XCConfigurationList;
			buildConfigurations = (
				C00000000000000000000024 /* Debug */,
				C00000000000000000000025 /* Release */,
			);
			defaultConfigurationIsVisible = 0;
			defaultConfigurationName = Release;
		};
/* End XCConfigurationList section */
	};
	rootObject = F00000000000000000000001 /* Project object */;
}
